// !$*UTF8*$!
{
	archiveVersion = 1;
	classes = {
	};
	objectVersion = 56;
	objects = {

/* Begin PBXBuildFile section */
		00C5A73129D4707800907A91 /* AppDelegate.swift in Sources */ = {isa = PBXBuildFile; fileRef = 00C5A73029D4707800907A91 /* AppDelegate.swift */; };
		00C5A73529D4707800907A91 /* StartViewController.swift in Sources */ = {isa = PBXBuildFile; fileRef = 00C5A73429D4707800907A91 /* StartViewController.swift */; };
		00C5A73B29D4707800907A91 /* hse_kr_ios.xcdatamodeld in Sources */ = {isa = PBXBuildFile; fileRef = 00C5A73929D4707800907A91 /* hse_kr_ios.xcdatamodeld */; };
		00C5A73D29D4707A00907A91 /* Assets.xcassets in Resources */ = {isa = PBXBuildFile; fileRef = 00C5A73C29D4707A00907A91 /* Assets.xcassets */; };
		00C5A74029D4707A00907A91 /* LaunchScreen.storyboard in Resources */ = {isa = PBXBuildFile; fileRef = 00C5A73E29D4707A00907A91 /* LaunchScreen.storyboard */; };
		00C5A74929D5FB1B00907A91 /* StartPresenter.swift in Sources */ = {isa = PBXBuildFile; fileRef = 00C5A74829D5FB1B00907A91 /* StartPresenter.swift */; };
		00C5A74B29D5FB5C00907A91 /* StartRouter.swift in Sources */ = {isa = PBXBuildFile; fileRef = 00C5A74A29D5FB5C00907A91 /* StartRouter.swift */; };
		00C5A74D29D5FEF400907A91 /* StartInteractor.swift in Sources */ = {isa = PBXBuildFile; fileRef = 00C5A74C29D5FEF400907A91 /* StartInteractor.swift */; };
		00C5A75029D6687300907A91 /* AuthAssembly.swift in Sources */ = {isa = PBXBuildFile; fileRef = 00C5A74F29D6687300907A91 /* AuthAssembly.swift */; };
		00C5A75429D668EE00907A91 /* Assemblying.swift in Sources */ = {isa = PBXBuildFile; fileRef = 00C5A75329D668EE00907A91 /* Assemblying.swift */; };
		00C5A75629D66B0200907A91 /* AuthViewController.swift in Sources */ = {isa = PBXBuildFile; fileRef = 00C5A75529D66B0200907A91 /* AuthViewController.swift */; };
		00C5A75829D66B1200907A91 /* AuthPresenter.swift in Sources */ = {isa = PBXBuildFile; fileRef = 00C5A75729D66B1200907A91 /* AuthPresenter.swift */; };
		00C5A75A29D66B2100907A91 /* AuthInteractor.swift in Sources */ = {isa = PBXBuildFile; fileRef = 00C5A75929D66B2100907A91 /* AuthInteractor.swift */; };
		00C5A75C29D66B2E00907A91 /* AuthRouter.swift in Sources */ = {isa = PBXBuildFile; fileRef = 00C5A75B29D66B2E00907A91 /* AuthRouter.swift */; };
		00C5A75E29D916C200907A91 /* StartAssembly.swift in Sources */ = {isa = PBXBuildFile; fileRef = 00C5A75D29D916C200907A91 /* StartAssembly.swift */; };
		00C5A76229DA6F2300907A91 /* StartCheckIDLanWorker.swift in Sources */ = {isa = PBXBuildFile; fileRef = 00C5A76129DA6F2300907A91 /* StartCheckIDLanWorker.swift */; };
		00C5A76429DA70FF00907A91 /* GoogleService-Info.plist in Resources */ = {isa = PBXBuildFile; fileRef = 00C5A76329DA70FF00907A91 /* GoogleService-Info.plist */; };
		00C5A76729DA73FE00907A91 /* FirebaseAnalytics in Frameworks */ = {isa = PBXBuildFile; productRef = 00C5A76629DA73FE00907A91 /* FirebaseAnalytics */; };
		00C5A76929DA73FE00907A91 /* FirebaseAuth in Frameworks */ = {isa = PBXBuildFile; productRef = 00C5A76829DA73FE00907A91 /* FirebaseAuth */; };
		00C5A76B29DA73FE00907A91 /* FirebaseDatabase in Frameworks */ = {isa = PBXBuildFile; productRef = 00C5A76A29DA73FE00907A91 /* FirebaseDatabase */; };
		00C5A76D29DA73FE00907A91 /* FirebaseFirestore in Frameworks */ = {isa = PBXBuildFile; productRef = 00C5A76C29DA73FE00907A91 /* FirebaseFirestore */; };
		00C5A76F29DA73FE00907A91 /* FirebaseStorage in Frameworks */ = {isa = PBXBuildFile; productRef = 00C5A76E29DA73FE00907A91 /* FirebaseStorage */; };
		00C5A77329DAB6AA00907A91 /* CharityTableViewController.swift in Sources */ = {isa = PBXBuildFile; fileRef = 00C5A77229DAB6AA00907A91 /* CharityTableViewController.swift */; };
		00C5A77529DAB6C700907A91 /* CharityTablePresenter.swift in Sources */ = {isa = PBXBuildFile; fileRef = 00C5A77429DAB6C700907A91 /* CharityTablePresenter.swift */; };
		00C5A77729DAB6E400907A91 /* CharityTableInteractor.swift in Sources */ = {isa = PBXBuildFile; fileRef = 00C5A77629DAB6E400907A91 /* CharityTableInteractor.swift */; };
		00C5A77929DAB6F200907A91 /* CharityTableRouter.swift in Sources */ = {isa = PBXBuildFile; fileRef = 00C5A77829DAB6F200907A91 /* CharityTableRouter.swift */; };
		00C5A77B29DAB70300907A91 /* CharityTableAssembly.swift in Sources */ = {isa = PBXBuildFile; fileRef = 00C5A77A29DAB70300907A91 /* CharityTableAssembly.swift */; };
		00C5A77E29DAE66000907A91 /* RegistrationViewController.swift in Sources */ = {isa = PBXBuildFile; fileRef = 00C5A77D29DAE66000907A91 /* RegistrationViewController.swift */; };
		00C5A78029DAE69300907A91 /* RegistrationPresenter.swift in Sources */ = {isa = PBXBuildFile; fileRef = 00C5A77F29DAE69300907A91 /* RegistrationPresenter.swift */; };
		00C5A78229DAE78100907A91 /* RegistrationInteractor.swift in Sources */ = {isa = PBXBuildFile; fileRef = 00C5A78129DAE78100907A91 /* RegistrationInteractor.swift */; };
		00C5A78429DAE86000907A91 /* RegistrationRouter.swift in Sources */ = {isa = PBXBuildFile; fileRef = 00C5A78329DAE86000907A91 /* RegistrationRouter.swift */; };
		00C5A78629DAE94900907A91 /* RegistrationAssembly.swift in Sources */ = {isa = PBXBuildFile; fileRef = 00C5A78529DAE94900907A91 /* RegistrationAssembly.swift */; };
		00C5A78929DAEFDA00907A91 /* Extensions.swift in Sources */ = {isa = PBXBuildFile; fileRef = 00C5A78829DAEFDA00907A91 /* Extensions.swift */; };
		00C5A78D29DB96FA00907A91 /* RegistrationWorker.swift in Sources */ = {isa = PBXBuildFile; fileRef = 00C5A78C29DB96FA00907A91 /* RegistrationWorker.swift */; };
		00C5A79129DB978700907A91 /* AuthLanWorker.swift in Sources */ = {isa = PBXBuildFile; fileRef = 00C5A79029DB978700907A91 /* AuthLanWorker.swift */; };
		00C5A79329DB9AC100907A91 /* Errors.swift in Sources */ = {isa = PBXBuildFile; fileRef = 00C5A79229DB9AC100907A91 /* Errors.swift */; };
		00C5A79729DBA4A200907A91 /* AppLanWorker.swift in Sources */ = {isa = PBXBuildFile; fileRef = 00C5A79629DBA4A200907A91 /* AppLanWorker.swift */; };
		00C5A79929DD232100907A91 /* TabViewController.swift in Sources */ = {isa = PBXBuildFile; fileRef = 00C5A79829DD232000907A91 /* TabViewController.swift */; };
		00C5A79C29DDF7AF00907A91 /* CharityTableViewCell.swift in Sources */ = {isa = PBXBuildFile; fileRef = 00C5A79B29DDF7AF00907A91 /* CharityTableViewCell.swift */; };
		00C5A79F29DDF8E500907A91 /* CharityModel.swift in Sources */ = {isa = PBXBuildFile; fileRef = 00C5A79E29DDF8E500907A91 /* CharityModel.swift */; };
		00C5A7A229DEC7EC00907A91 /* Kingfisher in Frameworks */ = {isa = PBXBuildFile; productRef = 00C5A7A129DEC7EC00907A91 /* Kingfisher */; };
		00C5A7A529DECFA600907A91 /* UserInfoViewController.swift in Sources */ = {isa = PBXBuildFile; fileRef = 00C5A7A429DECFA600907A91 /* UserInfoViewController.swift */; };
		00C5A7A729DECFBF00907A91 /* UserInfoAssembly.swift in Sources */ = {isa = PBXBuildFile; fileRef = 00C5A7A629DECFBF00907A91 /* UserInfoAssembly.swift */; };
		00C5A7A929DECFCA00907A91 /* UserInfoPresenter.swift in Sources */ = {isa = PBXBuildFile; fileRef = 00C5A7A829DECFCA00907A91 /* UserInfoPresenter.swift */; };
		00C5A7AB29DECFDD00907A91 /* UserInfoInteractor.swift in Sources */ = {isa = PBXBuildFile; fileRef = 00C5A7AA29DECFDD00907A91 /* UserInfoInteractor.swift */; };
		00C5A7AD29DECFE900907A91 /* UserInfoRouter.swift in Sources */ = {isa = PBXBuildFile; fileRef = 00C5A7AC29DECFE900907A91 /* UserInfoRouter.swift */; };
		00C5A7B129DED17600907A91 /* UserInfoLanWorker.swift in Sources */ = {isa = PBXBuildFile; fileRef = 00C5A7B029DED17600907A91 /* UserInfoLanWorker.swift */; };
		00C5A7B329DF065800907A91 /* UserViewModel.swift in Sources */ = {isa = PBXBuildFile; fileRef = 00C5A7B229DF065800907A91 /* UserViewModel.swift */; };
		00C5A7B729E2BC4C00907A91 /* MapViewController.swift in Sources */ = {isa = PBXBuildFile; fileRef = 00C5A7B629E2BC4C00907A91 /* MapViewController.swift */; };
		00C5A7B929E2BC5900907A91 /* MapPresenter.swift in Sources */ = {isa = PBXBuildFile; fileRef = 00C5A7B829E2BC5900907A91 /* MapPresenter.swift */; };
		00C5A7BB29E2BC6400907A91 /* MapInteractor.swift in Sources */ = {isa = PBXBuildFile; fileRef = 00C5A7BA29E2BC6400907A91 /* MapInteractor.swift */; };
		00C5A7BD29E2BD1800907A91 /* MapRouter.swift in Sources */ = {isa = PBXBuildFile; fileRef = 00C5A7BC29E2BD1800907A91 /* MapRouter.swift */; };
		00C5A7BF29E2BD5000907A91 /* MapAssembly.swift in Sources */ = {isa = PBXBuildFile; fileRef = 00C5A7BE29E2BD5000907A91 /* MapAssembly.swift */; };
		00C5A7C329E3DA7F00907A91 /* MapLanWorker.swift in Sources */ = {isa = PBXBuildFile; fileRef = 00C5A7C229E3DA7F00907A91 /* MapLanWorker.swift */; };
		00C5A7C629E3DF0800907A91 /* locationsModel.swift in Sources */ = {isa = PBXBuildFile; fileRef = 00C5A7C529E3DF0800907A91 /* locationsModel.swift */; };
		00C5A7C929E3F76D00907A91 /* CharityClass.swift in Sources */ = {isa = PBXBuildFile; fileRef = 00C5A7C829E3F76D00907A91 /* CharityClass.swift */; };
		00C5A7CB29E42EAD00907A91 /* CharityStorage.swift in Sources */ = {isa = PBXBuildFile; fileRef = 00C5A7CA29E42EAD00907A91 /* CharityStorage.swift */; };
		00C5A7CE29E433A000907A91 /* CharityInfoViewController.swift in Sources */ = {isa = PBXBuildFile; fileRef = 00C5A7CD29E433A000907A91 /* CharityInfoViewController.swift */; };
/* End PBXBuildFile section */

/* Begin PBXFileReference section */
		00C5A72D29D4707800907A91 /* hse_kr_ios.app */ = {isa = PBXFileReference; explicitFileType = wrapper.application; includeInIndex = 0; path = hse_kr_ios.app; sourceTree = BUILT_PRODUCTS_DIR; };
		00C5A73029D4707800907A91 /* AppDelegate.swift */ = {isa = PBXFileReference; lastKnownFileType = sourcecode.swift; path = AppDelegate.swift; sourceTree = "<group>"; };
		00C5A73429D4707800907A91 /* StartViewController.swift */ = {isa = PBXFileReference; lastKnownFileType = sourcecode.swift; path = StartViewController.swift; sourceTree = "<group>"; };
		00C5A73A29D4707800907A91 /* hse_kr_ios.xcdatamodel */ = {isa = PBXFileReference; lastKnownFileType = wrapper.xcdatamodel; path = hse_kr_ios.xcdatamodel; sourceTree = "<group>"; };
		00C5A73C29D4707A00907A91 /* Assets.xcassets */ = {isa = PBXFileReference; lastKnownFileType = folder.assetcatalog; path = Assets.xcassets; sourceTree = "<group>"; };
		00C5A73F29D4707A00907A91 /* Base */ = {isa = PBXFileReference; lastKnownFileType = file.storyboard; name = Base; path = Base.lproj/LaunchScreen.storyboard; sourceTree = "<group>"; };
		00C5A74129D4707A00907A91 /* Info.plist */ = {isa = PBXFileReference; lastKnownFileType = text.plist.xml; path = Info.plist; sourceTree = "<group>"; };
		00C5A74829D5FB1B00907A91 /* StartPresenter.swift */ = {isa = PBXFileReference; lastKnownFileType = sourcecode.swift; path = StartPresenter.swift; sourceTree = "<group>"; };
		00C5A74A29D5FB5C00907A91 /* StartRouter.swift */ = {isa = PBXFileReference; lastKnownFileType = sourcecode.swift; path = StartRouter.swift; sourceTree = "<group>"; };
		00C5A74C29D5FEF400907A91 /* StartInteractor.swift */ = {isa = PBXFileReference; lastKnownFileType = sourcecode.swift; path = StartInteractor.swift; sourceTree = "<group>"; };
		00C5A74F29D6687300907A91 /* AuthAssembly.swift */ = {isa = PBXFileReference; lastKnownFileType = sourcecode.swift; path = AuthAssembly.swift; sourceTree = "<group>"; };
		00C5A75329D668EE00907A91 /* Assemblying.swift */ = {isa = PBXFileReference; lastKnownFileType = sourcecode.swift; path = Assemblying.swift; sourceTree = "<group>"; };
		00C5A75529D66B0200907A91 /* AuthViewController.swift */ = {isa = PBXFileReference; lastKnownFileType = sourcecode.swift; path = AuthViewController.swift; sourceTree = "<group>"; };
		00C5A75729D66B1200907A91 /* AuthPresenter.swift */ = {isa = PBXFileReference; lastKnownFileType = sourcecode.swift; path = AuthPresenter.swift; sourceTree = "<group>"; };
		00C5A75929D66B2100907A91 /* AuthInteractor.swift */ = {isa = PBXFileReference; lastKnownFileType = sourcecode.swift; path = AuthInteractor.swift; sourceTree = "<group>"; };
		00C5A75B29D66B2E00907A91 /* AuthRouter.swift */ = {isa = PBXFileReference; lastKnownFileType = sourcecode.swift; path = AuthRouter.swift; sourceTree = "<group>"; };
		00C5A75D29D916C200907A91 /* StartAssembly.swift */ = {isa = PBXFileReference; lastKnownFileType = sourcecode.swift; path = StartAssembly.swift; sourceTree = "<group>"; };
		00C5A76129DA6F2300907A91 /* StartCheckIDLanWorker.swift */ = {isa = PBXFileReference; lastKnownFileType = sourcecode.swift; path = StartCheckIDLanWorker.swift; sourceTree = "<group>"; };
		00C5A76329DA70FF00907A91 /* GoogleService-Info.plist */ = {isa = PBXFileReference; fileEncoding = 4; lastKnownFileType = text.plist.xml; name = "GoogleService-Info.plist"; path = "../../../GoogleService-Info.plist"; sourceTree = "<group>"; };
		00C5A77229DAB6AA00907A91 /* CharityTableViewController.swift */ = {isa = PBXFileReference; lastKnownFileType = sourcecode.swift; path = CharityTableViewController.swift; sourceTree = "<group>"; };
		00C5A77429DAB6C700907A91 /* CharityTablePresenter.swift */ = {isa = PBXFileReference; lastKnownFileType = sourcecode.swift; path = CharityTablePresenter.swift; sourceTree = "<group>"; };
		00C5A77629DAB6E400907A91 /* CharityTableInteractor.swift */ = {isa = PBXFileReference; lastKnownFileType = sourcecode.swift; path = CharityTableInteractor.swift; sourceTree = "<group>"; };
		00C5A77829DAB6F200907A91 /* CharityTableRouter.swift */ = {isa = PBXFileReference; lastKnownFileType = sourcecode.swift; path = CharityTableRouter.swift; sourceTree = "<group>"; };
		00C5A77A29DAB70300907A91 /* CharityTableAssembly.swift */ = {isa = PBXFileReference; lastKnownFileType = sourcecode.swift; path = CharityTableAssembly.swift; sourceTree = "<group>"; };
		00C5A77D29DAE66000907A91 /* RegistrationViewController.swift */ = {isa = PBXFileReference; lastKnownFileType = sourcecode.swift; path = RegistrationViewController.swift; sourceTree = "<group>"; };
		00C5A77F29DAE69300907A91 /* RegistrationPresenter.swift */ = {isa = PBXFileReference; lastKnownFileType = sourcecode.swift; path = RegistrationPresenter.swift; sourceTree = "<group>"; };
		00C5A78129DAE78100907A91 /* RegistrationInteractor.swift */ = {isa = PBXFileReference; lastKnownFileType = sourcecode.swift; path = RegistrationInteractor.swift; sourceTree = "<group>"; };
		00C5A78329DAE86000907A91 /* RegistrationRouter.swift */ = {isa = PBXFileReference; lastKnownFileType = sourcecode.swift; path = RegistrationRouter.swift; sourceTree = "<group>"; };
		00C5A78529DAE94900907A91 /* RegistrationAssembly.swift */ = {isa = PBXFileReference; lastKnownFileType = sourcecode.swift; path = RegistrationAssembly.swift; sourceTree = "<group>"; };
		00C5A78829DAEFDA00907A91 /* Extensions.swift */ = {isa = PBXFileReference; lastKnownFileType = sourcecode.swift; path = Extensions.swift; sourceTree = "<group>"; };
		00C5A78C29DB96FA00907A91 /* RegistrationWorker.swift */ = {isa = PBXFileReference; lastKnownFileType = sourcecode.swift; path = RegistrationWorker.swift; sourceTree = "<group>"; };
		00C5A79029DB978700907A91 /* AuthLanWorker.swift */ = {isa = PBXFileReference; lastKnownFileType = sourcecode.swift; path = AuthLanWorker.swift; sourceTree = "<group>"; };
		00C5A79229DB9AC100907A91 /* Errors.swift */ = {isa = PBXFileReference; lastKnownFileType = sourcecode.swift; path = Errors.swift; sourceTree = "<group>"; };
		00C5A79629DBA4A200907A91 /* AppLanWorker.swift */ = {isa = PBXFileReference; lastKnownFileType = sourcecode.swift; path = AppLanWorker.swift; sourceTree = "<group>"; };
		00C5A79829DD232000907A91 /* TabViewController.swift */ = {isa = PBXFileReference; lastKnownFileType = sourcecode.swift; path = TabViewController.swift; sourceTree = "<group>"; };
		00C5A79B29DDF7AF00907A91 /* CharityTableViewCell.swift */ = {isa = PBXFileReference; lastKnownFileType = sourcecode.swift; path = CharityTableViewCell.swift; sourceTree = "<group>"; };
		00C5A79E29DDF8E500907A91 /* CharityModel.swift */ = {isa = PBXFileReference; lastKnownFileType = sourcecode.swift; path = CharityModel.swift; sourceTree = "<group>"; };
		00C5A7A429DECFA600907A91 /* UserInfoViewController.swift */ = {isa = PBXFileReference; lastKnownFileType = sourcecode.swift; path = UserInfoViewController.swift; sourceTree = "<group>"; };
		00C5A7A629DECFBF00907A91 /* UserInfoAssembly.swift */ = {isa = PBXFileReference; lastKnownFileType = sourcecode.swift; path = UserInfoAssembly.swift; sourceTree = "<group>"; };
		00C5A7A829DECFCA00907A91 /* UserInfoPresenter.swift */ = {isa = PBXFileReference; lastKnownFileType = sourcecode.swift; path = UserInfoPresenter.swift; sourceTree = "<group>"; };
		00C5A7AA29DECFDD00907A91 /* UserInfoInteractor.swift */ = {isa = PBXFileReference; lastKnownFileType = sourcecode.swift; path = UserInfoInteractor.swift; sourceTree = "<group>"; };
		00C5A7AC29DECFE900907A91 /* UserInfoRouter.swift */ = {isa = PBXFileReference; lastKnownFileType = sourcecode.swift; path = UserInfoRouter.swift; sourceTree = "<group>"; };
		00C5A7B029DED17600907A91 /* UserInfoLanWorker.swift */ = {isa = PBXFileReference; lastKnownFileType = sourcecode.swift; path = UserInfoLanWorker.swift; sourceTree = "<group>"; };
		00C5A7B229DF065800907A91 /* UserViewModel.swift */ = {isa = PBXFileReference; lastKnownFileType = sourcecode.swift; path = UserViewModel.swift; sourceTree = "<group>"; };
		00C5A7B629E2BC4C00907A91 /* MapViewController.swift */ = {isa = PBXFileReference; lastKnownFileType = sourcecode.swift; path = MapViewController.swift; sourceTree = "<group>"; };
		00C5A7B829E2BC5900907A91 /* MapPresenter.swift */ = {isa = PBXFileReference; lastKnownFileType = sourcecode.swift; path = MapPresenter.swift; sourceTree = "<group>"; };
		00C5A7BA29E2BC6400907A91 /* MapInteractor.swift */ = {isa = PBXFileReference; lastKnownFileType = sourcecode.swift; path = MapInteractor.swift; sourceTree = "<group>"; };
		00C5A7BC29E2BD1800907A91 /* MapRouter.swift */ = {isa = PBXFileReference; lastKnownFileType = sourcecode.swift; path = MapRouter.swift; sourceTree = "<group>"; };
		00C5A7BE29E2BD5000907A91 /* MapAssembly.swift */ = {isa = PBXFileReference; lastKnownFileType = sourcecode.swift; path = MapAssembly.swift; sourceTree = "<group>"; };
		00C5A7C229E3DA7F00907A91 /* MapLanWorker.swift */ = {isa = PBXFileReference; lastKnownFileType = sourcecode.swift; path = MapLanWorker.swift; sourceTree = "<group>"; };
		00C5A7C529E3DF0800907A91 /* locationsModel.swift */ = {isa = PBXFileReference; lastKnownFileType = sourcecode.swift; path = locationsModel.swift; sourceTree = "<group>"; };
		00C5A7C829E3F76D00907A91 /* CharityClass.swift */ = {isa = PBXFileReference; lastKnownFileType = sourcecode.swift; path = CharityClass.swift; sourceTree = "<group>"; };
		00C5A7CA29E42EAD00907A91 /* CharityStorage.swift */ = {isa = PBXFileReference; lastKnownFileType = sourcecode.swift; path = CharityStorage.swift; sourceTree = "<group>"; };
		00C5A7CD29E433A000907A91 /* CharityInfoViewController.swift */ = {isa = PBXFileReference; lastKnownFileType = sourcecode.swift; path = CharityInfoViewController.swift; sourceTree = "<group>"; };
/* End PBXFileReference section */

/* Begin PBXFrameworksBuildPhase section */
		00C5A72A29D4707800907A91 /* Frameworks */ = {
			isa = PBXFrameworksBuildPhase;
			buildActionMask = 2147483647;
			files = (
				00C5A7A229DEC7EC00907A91 /* Kingfisher in Frameworks */,
				00C5A76B29DA73FE00907A91 /* FirebaseDatabase in Frameworks */,
				00C5A76D29DA73FE00907A91 /* FirebaseFirestore in Frameworks */,
				00C5A76729DA73FE00907A91 /* FirebaseAnalytics in Frameworks */,
				00C5A76F29DA73FE00907A91 /* FirebaseStorage in Frameworks */,
				00C5A76929DA73FE00907A91 /* FirebaseAuth in Frameworks */,
			);
			runOnlyForDeploymentPostprocessing = 0;
		};
/* End PBXFrameworksBuildPhase section */

/* Begin PBXGroup section */
		00C5A72429D4707800907A91 = {
			isa = PBXGroup;
			children = (
				00C5A72F29D4707800907A91 /* hse_kr_ios */,
				00C5A72E29D4707800907A91 /* Products */,
			);
			sourceTree = "<group>";
		};
		00C5A72E29D4707800907A91 /* Products */ = {
			isa = PBXGroup;
			children = (
				00C5A72D29D4707800907A91 /* hse_kr_ios.app */,
			);
			name = Products;
			sourceTree = "<group>";
		};
		00C5A72F29D4707800907A91 /* hse_kr_ios */ = {
			isa = PBXGroup;
			children = (
				00C5A75129D668C000907A91 /* common */,
				00C5A74729D5FAA500907A91 /* Start */,
				00C5A77C29DAE61F00907A91 /* Registration */,
				00C5A74E29D6685B00907A91 /* Auth */,
				00C5A77029DAB66D00907A91 /* App */,
				00C5A73029D4707800907A91 /* AppDelegate.swift */,
				00C5A76329DA70FF00907A91 /* GoogleService-Info.plist */,
				00C5A73C29D4707A00907A91 /* Assets.xcassets */,
				00C5A73E29D4707A00907A91 /* LaunchScreen.storyboard */,
				00C5A74129D4707A00907A91 /* Info.plist */,
				00C5A73929D4707800907A91 /* hse_kr_ios.xcdatamodeld */,
			);
			path = hse_kr_ios;
			sourceTree = "<group>";
		};
		00C5A74729D5FAA500907A91 /* Start */ = {
			isa = PBXGroup;
			children = (
				00C5A75F29DA6E7300907A91 /* Workers */,
				00C5A73429D4707800907A91 /* StartViewController.swift */,
				00C5A74829D5FB1B00907A91 /* StartPresenter.swift */,
				00C5A74A29D5FB5C00907A91 /* StartRouter.swift */,
				00C5A74C29D5FEF400907A91 /* StartInteractor.swift */,
				00C5A75D29D916C200907A91 /* StartAssembly.swift */,
			);
			path = Start;
			sourceTree = "<group>";
		};
		00C5A74E29D6685B00907A91 /* Auth */ = {
			isa = PBXGroup;
			children = (
				00C5A78E29DB977100907A91 /* Workers */,
				00C5A74F29D6687300907A91 /* AuthAssembly.swift */,
				00C5A75529D66B0200907A91 /* AuthViewController.swift */,
				00C5A75729D66B1200907A91 /* AuthPresenter.swift */,
				00C5A75929D66B2100907A91 /* AuthInteractor.swift */,
				00C5A75B29D66B2E00907A91 /* AuthRouter.swift */,
			);
			path = Auth;
			sourceTree = "<group>";
		};
		00C5A75129D668C000907A91 /* common */ = {
			isa = PBXGroup;
			children = (
				00C5A79829DD232000907A91 /* TabViewController.swift */,
				00C5A7CA29E42EAD00907A91 /* CharityStorage.swift */,
				00C5A78829DAEFDA00907A91 /* Extensions.swift */,
				00C5A75229D668D200907A91 /* Protocols */,
				00C5A79229DB9AC100907A91 /* Errors.swift */,
			);
			path = common;
			sourceTree = "<group>";
		};
		00C5A75229D668D200907A91 /* Protocols */ = {
			isa = PBXGroup;
			children = (
				00C5A75329D668EE00907A91 /* Assemblying.swift */,
			);
			path = Protocols;
			sourceTree = "<group>";
		};
		00C5A75F29DA6E7300907A91 /* Workers */ = {
			isa = PBXGroup;
			children = (
				00C5A76029DA6E7F00907A91 /* Lan */,
			);
			path = Workers;
			sourceTree = "<group>";
		};
		00C5A76029DA6E7F00907A91 /* Lan */ = {
			isa = PBXGroup;
			children = (
				00C5A76129DA6F2300907A91 /* StartCheckIDLanWorker.swift */,
			);
			path = Lan;
			sourceTree = "<group>";
		};
		00C5A77029DAB66D00907A91 /* App */ = {
			isa = PBXGroup;
			children = (
				00C5A7CC29E4338200907A91 /* CharityInfo */,
				00C5A79D29DDF8CC00907A91 /* viewModels */,
				00C5A7B529E2BC3200907A91 /* Map */,
				00C5A7A329DECF4100907A91 /* UserInfo */,
				00C5A77129DAB68400907A91 /* CharityTable */,
			);
			path = App;
			sourceTree = "<group>";
		};
		00C5A77129DAB68400907A91 /* CharityTable */ = {
			isa = PBXGroup;
			children = (
				00C5A79A29DDF79100907A91 /* Cells */,
				00C5A79429DBA48800907A91 /* Workers */,
				00C5A77229DAB6AA00907A91 /* CharityTableViewController.swift */,
				00C5A77429DAB6C700907A91 /* CharityTablePresenter.swift */,
				00C5A77629DAB6E400907A91 /* CharityTableInteractor.swift */,
				00C5A77829DAB6F200907A91 /* CharityTableRouter.swift */,
				00C5A77A29DAB70300907A91 /* CharityTableAssembly.swift */,
			);
			path = CharityTable;
			sourceTree = "<group>";
		};
		00C5A77C29DAE61F00907A91 /* Registration */ = {
			isa = PBXGroup;
			children = (
				00C5A78A29DB96DB00907A91 /* Workers */,
				00C5A77D29DAE66000907A91 /* RegistrationViewController.swift */,
				00C5A77F29DAE69300907A91 /* RegistrationPresenter.swift */,
				00C5A78129DAE78100907A91 /* RegistrationInteractor.swift */,
				00C5A78329DAE86000907A91 /* RegistrationRouter.swift */,
				00C5A78529DAE94900907A91 /* RegistrationAssembly.swift */,
			);
			path = Registration;
			sourceTree = "<group>";
		};
		00C5A78A29DB96DB00907A91 /* Workers */ = {
			isa = PBXGroup;
			children = (
				00C5A78B29DB96E600907A91 /* Lan */,
			);
			path = Workers;
			sourceTree = "<group>";
		};
		00C5A78B29DB96E600907A91 /* Lan */ = {
			isa = PBXGroup;
			children = (
				00C5A78C29DB96FA00907A91 /* RegistrationWorker.swift */,
			);
			path = Lan;
			sourceTree = "<group>";
		};
		00C5A78E29DB977100907A91 /* Workers */ = {
			isa = PBXGroup;
			children = (
				00C5A78F29DB977700907A91 /* Lan */,
			);
			path = Workers;
			sourceTree = "<group>";
		};
		00C5A78F29DB977700907A91 /* Lan */ = {
			isa = PBXGroup;
			children = (
				00C5A79029DB978700907A91 /* AuthLanWorker.swift */,
			);
			path = Lan;
			sourceTree = "<group>";
		};
		00C5A79429DBA48800907A91 /* Workers */ = {
			isa = PBXGroup;
			children = (
				00C5A79529DBA49000907A91 /* Lan */,
			);
			path = Workers;
			sourceTree = "<group>";
		};
		00C5A79529DBA49000907A91 /* Lan */ = {
			isa = PBXGroup;
			children = (
				00C5A79629DBA4A200907A91 /* AppLanWorker.swift */,
			);
			path = Lan;
			sourceTree = "<group>";
		};
		00C5A79A29DDF79100907A91 /* Cells */ = {
			isa = PBXGroup;
			children = (
				00C5A79B29DDF7AF00907A91 /* CharityTableViewCell.swift */,
			);
			path = Cells;
			sourceTree = "<group>";
		};
		00C5A79D29DDF8CC00907A91 /* viewModels */ = {
			isa = PBXGroup;
			children = (
				00C5A79E29DDF8E500907A91 /* CharityModel.swift */,
			);
			path = viewModels;
			sourceTree = "<group>";
		};
		00C5A7A329DECF4100907A91 /* UserInfo */ = {
			isa = PBXGroup;
			children = (
				00C5A7B429DF066100907A91 /* ViewModels */,
				00C5A7AE29DED15D00907A91 /* Workers */,
				00C5A7A629DECFBF00907A91 /* UserInfoAssembly.swift */,
				00C5A7A429DECFA600907A91 /* UserInfoViewController.swift */,
				00C5A7A829DECFCA00907A91 /* UserInfoPresenter.swift */,
				00C5A7AA29DECFDD00907A91 /* UserInfoInteractor.swift */,
				00C5A7AC29DECFE900907A91 /* UserInfoRouter.swift */,
			);
			path = UserInfo;
			sourceTree = "<group>";
		};
		00C5A7AE29DED15D00907A91 /* Workers */ = {
			isa = PBXGroup;
			children = (
				00C5A7AF29DED16600907A91 /* Lan */,
			);
			path = Workers;
			sourceTree = "<group>";
		};
		00C5A7AF29DED16600907A91 /* Lan */ = {
			isa = PBXGroup;
			children = (
				00C5A7B029DED17600907A91 /* UserInfoLanWorker.swift */,
			);
			path = Lan;
			sourceTree = "<group>";
		};
		00C5A7B429DF066100907A91 /* ViewModels */ = {
			isa = PBXGroup;
			children = (
				00C5A7B229DF065800907A91 /* UserViewModel.swift */,
			);
			path = ViewModels;
			sourceTree = "<group>";
		};
		00C5A7B529E2BC3200907A91 /* Map */ = {
			isa = PBXGroup;
			children = (
				00C5A7C429E3DEF300907A91 /* viewModels */,
				00C5A7C029E2BDEF00907A91 /* Workers */,
				00C5A7B629E2BC4C00907A91 /* MapViewController.swift */,
				00C5A7B829E2BC5900907A91 /* MapPresenter.swift */,
				00C5A7BA29E2BC6400907A91 /* MapInteractor.swift */,
				00C5A7BC29E2BD1800907A91 /* MapRouter.swift */,
				00C5A7BE29E2BD5000907A91 /* MapAssembly.swift */,
			);
			path = Map;
			sourceTree = "<group>";
		};
		00C5A7C029E2BDEF00907A91 /* Workers */ = {
			isa = PBXGroup;
			children = (
				00C5A7C129E2BDF800907A91 /* Lan */,
			);
			path = Workers;
			sourceTree = "<group>";
		};
		00C5A7C129E2BDF800907A91 /* Lan */ = {
			isa = PBXGroup;
			children = (
				00C5A7C229E3DA7F00907A91 /* MapLanWorker.swift */,
			);
			path = Lan;
			sourceTree = "<group>";
		};
		00C5A7C429E3DEF300907A91 /* viewModels */ = {
			isa = PBXGroup;
			children = (
				00C5A7C529E3DF0800907A91 /* locationsModel.swift */,
				00C5A7C829E3F76D00907A91 /* CharityClass.swift */,
			);
			path = viewModels;
			sourceTree = "<group>";
		};
		00C5A7CC29E4338200907A91 /* CharityInfo */ = {
			isa = PBXGroup;
			children = (
				00C5A7CD29E433A000907A91 /* CharityInfoViewController.swift */,
			);
			path = CharityInfo;
			sourceTree = "<group>";
		};
/* End PBXGroup section */

/* Begin PBXNativeTarget section */
		00C5A72C29D4707800907A91 /* hse_kr_ios */ = {
			isa = PBXNativeTarget;
			buildConfigurationList = 00C5A74429D4707A00907A91 /* Build configuration list for PBXNativeTarget "hse_kr_ios" */;
			buildPhases = (
				00C5A72929D4707800907A91 /* Sources */,
				00C5A72A29D4707800907A91 /* Frameworks */,
				00C5A72B29D4707800907A91 /* Resources */,
			);
			buildRules = (
			);
			dependencies = (
			);
			name = hse_kr_ios;
			packageProductDependencies = (
				00C5A76629DA73FE00907A91 /* FirebaseAnalytics */,
				00C5A76829DA73FE00907A91 /* FirebaseAuth */,
				00C5A76A29DA73FE00907A91 /* FirebaseDatabase */,
				00C5A76C29DA73FE00907A91 /* FirebaseFirestore */,
				00C5A76E29DA73FE00907A91 /* FirebaseStorage */,
				00C5A7A129DEC7EC00907A91 /* Kingfisher */,
			);
			productName = hse_kr_ios;
			productReference = 00C5A72D29D4707800907A91 /* hse_kr_ios.app */;
			productType = "com.apple.product-type.application";
		};
/* End PBXNativeTarget section */

/* Begin PBXProject section */
		00C5A72529D4707800907A91 /* Project object */ = {
			isa = PBXProject;
			attributes = {
				BuildIndependentTargetsInParallel = 1;
				LastSwiftUpdateCheck = 1410;
				LastUpgradeCheck = 1410;
				TargetAttributes = {
					00C5A72C29D4707800907A91 = {
						CreatedOnToolsVersion = 14.1;
					};
				};
			};
			buildConfigurationList = 00C5A72829D4707800907A91 /* Build configuration list for PBXProject "hse_kr_ios" */;
			compatibilityVersion = "Xcode 14.0";
			developmentRegion = en;
			hasScannedForEncodings = 0;
			knownRegions = (
				en,
				Base,
			);
			mainGroup = 00C5A72429D4707800907A91;
			packageReferences = (
				00C5A76529DA73FE00907A91 /* XCRemoteSwiftPackageReference "firebase-ios-sdk" */,
				00C5A7A029DEC7EC00907A91 /* XCRemoteSwiftPackageReference "Kingfisher" */,
			);
			productRefGroup = 00C5A72E29D4707800907A91 /* Products */;
			projectDirPath = "";
			projectRoot = "";
			targets = (
				00C5A72C29D4707800907A91 /* hse_kr_ios */,
			);
		};
/* End PBXProject section */

/* Begin PBXResourcesBuildPhase section */
		00C5A72B29D4707800907A91 /* Resources */ = {
			isa = PBXResourcesBuildPhase;
			buildActionMask = 2147483647;
			files = (
				00C5A74029D4707A00907A91 /* LaunchScreen.storyboard in Resources */,
				00C5A73D29D4707A00907A91 /* Assets.xcassets in Resources */,
				00C5A76429DA70FF00907A91 /* GoogleService-Info.plist in Resources */,
			);
			runOnlyForDeploymentPostprocessing = 0;
		};
/* End PBXResourcesBuildPhase section */

/* Begin PBXSourcesBuildPhase section */
		00C5A72929D4707800907A91 /* Sources */ = {
			isa = PBXSourcesBuildPhase;
			buildActionMask = 2147483647;
			files = (
				00C5A7A729DECFBF00907A91 /* UserInfoAssembly.swift in Sources */,
				00C5A78429DAE86000907A91 /* RegistrationRouter.swift in Sources */,
				00C5A77329DAB6AA00907A91 /* CharityTableViewController.swift in Sources */,
				00C5A75829D66B1200907A91 /* AuthPresenter.swift in Sources */,
				00C5A77B29DAB70300907A91 /* CharityTableAssembly.swift in Sources */,
				00C5A75E29D916C200907A91 /* StartAssembly.swift in Sources */,
				00C5A74B29D5FB5C00907A91 /* StartRouter.swift in Sources */,
				00C5A74D29D5FEF400907A91 /* StartInteractor.swift in Sources */,
				00C5A76229DA6F2300907A91 /* StartCheckIDLanWorker.swift in Sources */,
				00C5A78D29DB96FA00907A91 /* RegistrationWorker.swift in Sources */,
				00C5A78629DAE94900907A91 /* RegistrationAssembly.swift in Sources */,
				00C5A78029DAE69300907A91 /* RegistrationPresenter.swift in Sources */,
				00C5A75A29D66B2100907A91 /* AuthInteractor.swift in Sources */,
				00C5A7AB29DECFDD00907A91 /* UserInfoInteractor.swift in Sources */,
				00C5A7C329E3DA7F00907A91 /* MapLanWorker.swift in Sources */,
				00C5A75429D668EE00907A91 /* Assemblying.swift in Sources */,
				00C5A73529D4707800907A91 /* StartViewController.swift in Sources */,
				00C5A78229DAE78100907A91 /* RegistrationInteractor.swift in Sources */,
				00C5A7AD29DECFE900907A91 /* UserInfoRouter.swift in Sources */,
				00C5A7A929DECFCA00907A91 /* UserInfoPresenter.swift in Sources */,
				00C5A7C629E3DF0800907A91 /* locationsModel.swift in Sources */,
				00C5A7CE29E433A000907A91 /* CharityInfoViewController.swift in Sources */,
				00C5A74929D5FB1B00907A91 /* StartPresenter.swift in Sources */,
				00C5A7A529DECFA600907A91 /* UserInfoViewController.swift in Sources */,
				00C5A77929DAB6F200907A91 /* CharityTableRouter.swift in Sources */,
				00C5A7CB29E42EAD00907A91 /* CharityStorage.swift in Sources */,
				00C5A7B329DF065800907A91 /* UserViewModel.swift in Sources */,
				00C5A7B729E2BC4C00907A91 /* MapViewController.swift in Sources */,
				00C5A79129DB978700907A91 /* AuthLanWorker.swift in Sources */,
				00C5A7B929E2BC5900907A91 /* MapPresenter.swift in Sources */,
				00C5A7BF29E2BD5000907A91 /* MapAssembly.swift in Sources */,
				00C5A79F29DDF8E500907A91 /* CharityModel.swift in Sources */,
				00C5A79929DD232100907A91 /* TabViewController.swift in Sources */,
				00C5A77529DAB6C700907A91 /* CharityTablePresenter.swift in Sources */,
				00C5A73B29D4707800907A91 /* hse_kr_ios.xcdatamodeld in Sources */,
				00C5A79329DB9AC100907A91 /* Errors.swift in Sources */,
				00C5A7B129DED17600907A91 /* UserInfoLanWorker.swift in Sources */,
				00C5A77E29DAE66000907A91 /* RegistrationViewController.swift in Sources */,
				00C5A7BB29E2BC6400907A91 /* MapInteractor.swift in Sources */,
				00C5A77729DAB6E400907A91 /* CharityTableInteractor.swift in Sources */,
				00C5A78929DAEFDA00907A91 /* Extensions.swift in Sources */,
				00C5A75029D6687300907A91 /* AuthAssembly.swift in Sources */,
				00C5A7BD29E2BD1800907A91 /* MapRouter.swift in Sources */,
				00C5A75629D66B0200907A91 /* AuthViewController.swift in Sources */,
				00C5A79729DBA4A200907A91 /* AppLanWorker.swift in Sources */,
				00C5A79C29DDF7AF00907A91 /* CharityTableViewCell.swift in Sources */,
				00C5A75C29D66B2E00907A91 /* AuthRouter.swift in Sources */,
				00C5A7C929E3F76D00907A91 /* CharityClass.swift in Sources */,
				00C5A73129D4707800907A91 /* AppDelegate.swift in Sources */,
			);
			runOnlyForDeploymentPostprocessing = 0;
		};
/* End PBXSourcesBuildPhase section */

/* Begin PBXVariantGroup section */
		00C5A73E29D4707A00907A91 /* LaunchScreen.storyboard */ = {
			isa = PBXVariantGroup;
			children = (
				00C5A73F29D4707A00907A91 /* Base */,
			);
			name = LaunchScreen.storyboard;
			sourceTree = "<group>";
		};
/* End PBXVariantGroup section */

/* Begin XCBuildConfiguration section */
		00C5A74229D4707A00907A91 /* Debug */ = {
			isa = XCBuildConfiguration;
			buildSettings = {
				ALWAYS_SEARCH_USER_PATHS = NO;
				CLANG_ANALYZER_NONNULL = YES;
				CLANG_ANALYZER_NUMBER_OBJECT_CONVERSION = YES_AGGRESSIVE;
				CLANG_CXX_LANGUAGE_STANDARD = "gnu++20";
				CLANG_ENABLE_MODULES = YES;
				CLANG_ENABLE_OBJC_ARC = YES;
				CLANG_ENABLE_OBJC_WEAK = YES;
				CLANG_WARN_BLOCK_CAPTURE_AUTORELEASING = YES;
				CLANG_WARN_BOOL_CONVERSION = YES;
				CLANG_WARN_COMMA = YES;
				CLANG_WARN_CONSTANT_CONVERSION = YES;
				CLANG_WARN_DEPRECATED_OBJC_IMPLEMENTATIONS = YES;
				CLANG_WARN_DIRECT_OBJC_ISA_USAGE = YES_ERROR;
				CLANG_WARN_DOCUMENTATION_COMMENTS = YES;
				CLANG_WARN_EMPTY_BODY = YES;
				CLANG_WARN_ENUM_CONVERSION = YES;
				CLANG_WARN_INFINITE_RECURSION = YES;
				CLANG_WARN_INT_CONVERSION = YES;
				CLANG_WARN_NON_LITERAL_NULL_CONVERSION = YES;
				CLANG_WARN_OBJC_IMPLICIT_RETAIN_SELF = YES;
				CLANG_WARN_OBJC_LITERAL_CONVERSION = YES;
				CLANG_WARN_OBJC_ROOT_CLASS = YES_ERROR;
				CLANG_WARN_QUOTED_INCLUDE_IN_FRAMEWORK_HEADER = YES;
				CLANG_WARN_RANGE_LOOP_ANALYSIS = YES;
				CLANG_WARN_STRICT_PROTOTYPES = YES;
				CLANG_WARN_SUSPICIOUS_MOVE = YES;
				CLANG_WARN_UNGUARDED_AVAILABILITY = YES_AGGRESSIVE;
				CLANG_WARN_UNREACHABLE_CODE = YES;
				CLANG_WARN__DUPLICATE_METHOD_MATCH = YES;
				COPY_PHASE_STRIP = NO;
				DEBUG_INFORMATION_FORMAT = dwarf;
				ENABLE_STRICT_OBJC_MSGSEND = YES;
				ENABLE_TESTABILITY = YES;
				GCC_C_LANGUAGE_STANDARD = gnu11;
				GCC_DYNAMIC_NO_PIC = NO;
				GCC_NO_COMMON_BLOCKS = YES;
				GCC_OPTIMIZATION_LEVEL = 0;
				GCC_PREPROCESSOR_DEFINITIONS = (
					"DEBUG=1",
					"$(inherited)",
				);
				GCC_WARN_64_TO_32_BIT_CONVERSION = YES;
				GCC_WARN_ABOUT_RETURN_TYPE = YES_ERROR;
				GCC_WARN_UNDECLARED_SELECTOR = YES;
				GCC_WARN_UNINITIALIZED_AUTOS = YES_AGGRESSIVE;
				GCC_WARN_UNUSED_FUNCTION = YES;
				GCC_WARN_UNUSED_VARIABLE = YES;
				IPHONEOS_DEPLOYMENT_TARGET = 16.1;
				MTL_ENABLE_DEBUG_INFO = INCLUDE_SOURCE;
				MTL_FAST_MATH = YES;
				ONLY_ACTIVE_ARCH = YES;
				SDKROOT = iphoneos;
				SWIFT_ACTIVE_COMPILATION_CONDITIONS = DEBUG;
				SWIFT_OPTIMIZATION_LEVEL = "-Onone";
			};
			name = Debug;
		};
		00C5A74329D4707A00907A91 /* Release */ = {
			isa = XCBuildConfiguration;
			buildSettings = {
				ALWAYS_SEARCH_USER_PATHS = NO;
				CLANG_ANALYZER_NONNULL = YES;
				CLANG_ANALYZER_NUMBER_OBJECT_CONVERSION = YES_AGGRESSIVE;
				CLANG_CXX_LANGUAGE_STANDARD = "gnu++20";
				CLANG_ENABLE_MODULES = YES;
				CLANG_ENABLE_OBJC_ARC = YES;
				CLANG_ENABLE_OBJC_WEAK = YES;
				CLANG_WARN_BLOCK_CAPTURE_AUTORELEASING = YES;
				CLANG_WARN_BOOL_CONVERSION = YES;
				CLANG_WARN_COMMA = YES;
				CLANG_WARN_CONSTANT_CONVERSION = YES;
				CLANG_WARN_DEPRECATED_OBJC_IMPLEMENTATIONS = YES;
				CLANG_WARN_DIRECT_OBJC_ISA_USAGE = YES_ERROR;
				CLANG_WARN_DOCUMENTATION_COMMENTS = YES;
				CLANG_WARN_EMPTY_BODY = YES;
				CLANG_WARN_ENUM_CONVERSION = YES;
				CLANG_WARN_INFINITE_RECURSION = YES;
				CLANG_WARN_INT_CONVERSION = YES;
				CLANG_WARN_NON_LITERAL_NULL_CONVERSION = YES;
				CLANG_WARN_OBJC_IMPLICIT_RETAIN_SELF = YES;
				CLANG_WARN_OBJC_LITERAL_CONVERSION = YES;
				CLANG_WARN_OBJC_ROOT_CLASS = YES_ERROR;
				CLANG_WARN_QUOTED_INCLUDE_IN_FRAMEWORK_HEADER = YES;
				CLANG_WARN_RANGE_LOOP_ANALYSIS = YES;
				CLANG_WARN_STRICT_PROTOTYPES = YES;
				CLANG_WARN_SUSPICIOUS_MOVE = YES;
				CLANG_WARN_UNGUARDED_AVAILABILITY = YES_AGGRESSIVE;
				CLANG_WARN_UNREACHABLE_CODE = YES;
				CLANG_WARN__DUPLICATE_METHOD_MATCH = YES;
				COPY_PHASE_STRIP = NO;
				DEBUG_INFORMATION_FORMAT = "dwarf-with-dsym";
				ENABLE_NS_ASSERTIONS = NO;
				ENABLE_STRICT_OBJC_MSGSEND = YES;
				GCC_C_LANGUAGE_STANDARD = gnu11;
				GCC_NO_COMMON_BLOCKS = YES;
				GCC_WARN_64_TO_32_BIT_CONVERSION = YES;
				GCC_WARN_ABOUT_RETURN_TYPE = YES_ERROR;
				GCC_WARN_UNDECLARED_SELECTOR = YES;
				GCC_WARN_UNINITIALIZED_AUTOS = YES_AGGRESSIVE;
				GCC_WARN_UNUSED_FUNCTION = YES;
				GCC_WARN_UNUSED_VARIABLE = YES;
				IPHONEOS_DEPLOYMENT_TARGET = 16.1;
				MTL_ENABLE_DEBUG_INFO = NO;
				MTL_FAST_MATH = YES;
				SDKROOT = iphoneos;
				SWIFT_COMPILATION_MODE = wholemodule;
				SWIFT_OPTIMIZATION_LEVEL = "-O";
				VALIDATE_PRODUCT = YES;
			};
			name = Release;
		};
		00C5A74529D4707A00907A91 /* Debug */ = {
			isa = XCBuildConfiguration;
			buildSettings = {
				ASSETCATALOG_COMPILER_APPICON_NAME = AppIcon;
				ASSETCATALOG_COMPILER_GLOBAL_ACCENT_COLOR_NAME = AccentColor;
				CODE_SIGN_STYLE = Automatic;
				CURRENT_PROJECT_VERSION = 1;
				DEVELOPMENT_TEAM = X58ZVA4AH8;
				GENERATE_INFOPLIST_FILE = YES;
				INFOPLIST_FILE = hse_kr_ios/Info.plist;
				INFOPLIST_KEY_UIApplicationSupportsIndirectInputEvents = YES;
				INFOPLIST_KEY_UILaunchStoryboardName = LaunchScreen;
				INFOPLIST_KEY_UISupportedInterfaceOrientations = UIInterfaceOrientationPortrait;
				INFOPLIST_KEY_UISupportedInterfaceOrientations_iPad = "UIInterfaceOrientationLandscapeLeft UIInterfaceOrientationLandscapeRight UIInterfaceOrientationPortrait UIInterfaceOrientationPortraitUpsideDown";
				LD_RUNPATH_SEARCH_PATHS = (
					"$(inherited)",
					"@executable_path/Frameworks",
				);
				MARKETING_VERSION = 1.0;
				PRODUCT_BUNDLE_IDENTIFIER = "cs.hse-kr-ios";
				PRODUCT_NAME = "$(TARGET_NAME)";
				SWIFT_EMIT_LOC_STRINGS = YES;
				SWIFT_VERSION = 5.0;
				TARGETED_DEVICE_FAMILY = "1,2";
			};
			name = Debug;
		};
		00C5A74629D4707A00907A91 /* Release */ = {
			isa = XCBuildConfiguration;
			buildSettings = {
				ASSETCATALOG_COMPILER_APPICON_NAME = AppIcon;
				ASSETCATALOG_COMPILER_GLOBAL_ACCENT_COLOR_NAME = AccentColor;
				CODE_SIGN_STYLE = Automatic;
				CURRENT_PROJECT_VERSION = 1;
				DEVELOPMENT_TEAM = X58ZVA4AH8;
				GENERATE_INFOPLIST_FILE = YES;
				INFOPLIST_FILE = hse_kr_ios/Info.plist;
				INFOPLIST_KEY_UIApplicationSupportsIndirectInputEvents = YES;
				INFOPLIST_KEY_UILaunchStoryboardName = LaunchScreen;
				INFOPLIST_KEY_UISupportedInterfaceOrientations = UIInterfaceOrientationPortrait;
				INFOPLIST_KEY_UISupportedInterfaceOrientations_iPad = "UIInterfaceOrientationLandscapeLeft UIInterfaceOrientationLandscapeRight UIInterfaceOrientationPortrait UIInterfaceOrientationPortraitUpsideDown";
				LD_RUNPATH_SEARCH_PATHS = (
					"$(inherited)",
					"@executable_path/Frameworks",
				);
				MARKETING_VERSION = 1.0;
				PRODUCT_BUNDLE_IDENTIFIER = "cs.hse-kr-ios";
				PRODUCT_NAME = "$(TARGET_NAME)";
				SWIFT_EMIT_LOC_STRINGS = YES;
				SWIFT_VERSION = 5.0;
				TARGETED_DEVICE_FAMILY = "1,2";
			};
			name = Release;
		};
/* End XCBuildConfiguration section */

/* Begin XCConfigurationList section */
		00C5A72829D4707800907A91 /* Build configuration list for PBXProject "hse_kr_ios" */ = {
			isa = XCConfigurationList;
			buildConfigurations = (
				00C5A74229D4707A00907A91 /* Debug */,
				00C5A74329D4707A00907A91 /* Release */,
			);
			defaultConfigurationIsVisible = 0;
			defaultConfigurationName = Release;
		};
		00C5A74429D4707A00907A91 /* Build configuration list for PBXNativeTarget "hse_kr_ios" */ = {
			isa = XCConfigurationList;
			buildConfigurations = (
				00C5A74529D4707A00907A91 /* Debug */,
				00C5A74629D4707A00907A91 /* Release */,
			);
			defaultConfigurationIsVisible = 0;
			defaultConfigurationName = Release;
		};
/* End XCConfigurationList section */

/* Begin XCRemoteSwiftPackageReference section */
		00C5A76529DA73FE00907A91 /* XCRemoteSwiftPackageReference "firebase-ios-sdk" */ = {
			isa = XCRemoteSwiftPackageReference;
			repositoryURL = "https://github.com/firebase/firebase-ios-sdk";
			requirement = {
				branch = master;
				kind = branch;
			};
		};
		00C5A7A029DEC7EC00907A91 /* XCRemoteSwiftPackageReference "Kingfisher" */ = {
			isa = XCRemoteSwiftPackageReference;
			repositoryURL = "https://github.com/onevcat/Kingfisher.git";
			requirement = {
				kind = upToNextMajorVersion;
				minimumVersion = 7.0.0;
			};
		};
/* End XCRemoteSwiftPackageReference section */

/* Begin XCSwiftPackageProductDependency section */
		00C5A76629DA73FE00907A91 /* FirebaseAnalytics */ = {
			isa = XCSwiftPackageProductDependency;
			package = 00C5A76529DA73FE00907A91 /* XCRemoteSwiftPackageReference "firebase-ios-sdk" */;
			productName = FirebaseAnalytics;
		};
		00C5A76829DA73FE00907A91 /* FirebaseAuth */ = {
			isa = XCSwiftPackageProductDependency;
			package = 00C5A76529DA73FE00907A91 /* XCRemoteSwiftPackageReference "firebase-ios-sdk" */;
			productName = FirebaseAuth;
		};
		00C5A76A29DA73FE00907A91 /* FirebaseDatabase */ = {
			isa = XCSwiftPackageProductDependency;
			package = 00C5A76529DA73FE00907A91 /* XCRemoteSwiftPackageReference "firebase-ios-sdk" */;
			productName = FirebaseDatabase;
		};
		00C5A76C29DA73FE00907A91 /* FirebaseFirestore */ = {
			isa = XCSwiftPackageProductDependency;
			package = 00C5A76529DA73FE00907A91 /* XCRemoteSwiftPackageReference "firebase-ios-sdk" */;
			productName = FirebaseFirestore;
		};
		00C5A76E29DA73FE00907A91 /* FirebaseStorage */ = {
			isa = XCSwiftPackageProductDependency;
			package = 00C5A76529DA73FE00907A91 /* XCRemoteSwiftPackageReference "firebase-ios-sdk" */;
			productName = FirebaseStorage;
		};
		00C5A7A129DEC7EC00907A91 /* Kingfisher */ = {
			isa = XCSwiftPackageProductDependency;
			package = 00C5A7A029DEC7EC00907A91 /* XCRemoteSwiftPackageReference "Kingfisher" */;
			productName = Kingfisher;
		};
/* End XCSwiftPackageProductDependency section */

/* Begin XCVersionGroup section */
		00C5A73929D4707800907A91 /* hse_kr_ios.xcdatamodeld */ = {
			isa = XCVersionGroup;
			children = (
				00C5A73A29D4707800907A91 /* hse_kr_ios.xcdatamodel */,
			);
			currentVersion = 00C5A73A29D4707800907A91 /* hse_kr_ios.xcdatamodel */;
			path = hse_kr_ios.xcdatamodeld;
			sourceTree = "<group>";
			versionGroupType = wrapper.xcdatamodel;
		};
/* End XCVersionGroup section */
	};
	rootObject = 00C5A72529D4707800907A91 /* Project object */;
}
